
Microsoft Visual Studio Solution File, Format Version 12.00
# Visual Studio 15
Project("{FAE04EC0-301F-11D3-BF4B-00C04F79EFBC}") = "UnityEngine.UI", "UnityEngine.UI.csproj", "{AA756CA1-D995-C920-1D64-68211C02E42B}"
EndProject
Project("{FAE04EC0-301F-11D3-BF4B-00C04F79EFBC}") = "Unity.RenderPipelines.Core.Runtime", "Unity.RenderPipelines.Core.Runtime.csproj", "{8D788EB3-113C-E061-AD7E-BE96BD551FC0}"
EndProject
Project("{FAE04EC0-301F-11D3-BF4B-00C04F79EFBC}") = "UnityEngine.TestRunner", "UnityEngine.TestRunner.csproj", "{7802D949-A96C-83EF-E45D-B6A76B8DBAE5}"
EndProject
Project("{FAE04EC0-301F-11D3-BF4B-00C04F79EFBC}") = "Unity.Mathematics", "Unity.Mathematics.csproj", "{1E05ECB3-6ADF-492C-CFEA-1035D245655F}"
EndProject
Project("{FAE04EC0-301F-11D3-BF4B-00C04F79EFBC}") = "Unity.RenderPipelines.Universal.Runtime", "Unity.RenderPipelines.Universal.Runtime.csproj", "{F23B78E5-7CF0-405F-F582-54AE191E89F9}"
EndProject
Project("{FAE04EC0-301F-11D3-BF4B-00C04F79EFBC}") = "Unity.2D.Animation.Runtime", "Unity.2D.Animation.Runtime.csproj", "{F2714923-8C58-AC2B-622D-D269B8BFE67D}"
EndProject
Project("{FAE04EC0-301F-11D3-BF4B-00C04F79EFBC}") = "Unity.TextMeshPro", "Unity.TextMeshPro.csproj", "{31A8045D-CD35-7BB7-44BB-271389D8F5FF}"
EndProject
Project("{FAE04EC0-301F-11D3-BF4B-00C04F79EFBC}") = "Unity.Timeline", "Unity.Timeline.csproj", "{3C2B8ECB-A5E9-77AB-C165-5E85CB32BDB6}"
EndProject
Project("{FAE04EC0-301F-11D3-BF4B-00C04F79EFBC}") = "Assembly-CSharp", "Assembly-CSharp.csproj", "{869E62A9-DEBF-6C0B-415B-9F1DABE2EB35}"
EndProject
Project("{FAE04EC0-301F-11D3-BF4B-00C04F79EFBC}") = "Unity.2D.SpriteShape.Runtime", "Unity.2D.SpriteShape.Runtime.csproj", "{C8D27F06-0BC3-CACC-0225-6B7D06705193}"
EndProject
Project("{FAE04EC0-301F-11D3-BF4B-00C04F79EFBC}") = "Unity.2D.Animation.Triangle.Runtime", "Unity.2D.Animation.Triangle.Runtime.csproj", "{F6FFC130-2586-3D64-492A-62FA9565A0A2}"
EndProject
Project("{FAE04EC0-301F-11D3-BF4B-00C04F79EFBC}") = "Unity.2D.PixelPerfect", "Unity.2D.PixelPerfect.csproj", "{7482D032-1406-14B2-7841-22AD4A579BB1}"
EndProject
Project("{FAE04EC0-301F-11D3-BF4B-00C04F79EFBC}") = "Unity.2D.IK.Runtime", "Unity.2D.IK.Runtime.csproj", "{CAA1AC08-AD4C-6A4D-459D-A8B13F6A38E9}"
EndProject
Project("{FAE04EC0-301F-11D3-BF4B-00C04F79EFBC}") = "Unity.2D.Common.Runtime", "Unity.2D.Common.Runtime.csproj", "{BF9634F6-EA4D-7FFD-8815-C6C697B99D71}"
EndProject
Project("{FAE04EC0-301F-11D3-BF4B-00C04F79EFBC}") = "Unity.RenderPipelines.Core.ShaderLibrary", "Unity.RenderPipelines.Core.ShaderLibrary.csproj", "{65025BCD-6D80-835F-368F-D4BBE53DC75A}"
EndProject
Project("{FAE04EC0-301F-11D3-BF4B-00C04F79EFBC}") = "Unity.InternalAPIEngineBridge.001", "Unity.InternalAPIEngineBridge.001.csproj", "{03039BA1-83FF-C959-0AB0-7C352C4E6F3A}"
EndProject
Project("{FAE04EC0-301F-11D3-BF4B-00C04F79EFBC}") = "Unity.RenderPipeline.Universal.ShaderLibrary", "Unity.RenderPipeline.Universal.ShaderLibrary.csproj", "{A59E7E25-C1CA-341C-B7F3-77A3461191B7}"
EndProject
Project("{FAE04EC0-301F-11D3-BF4B-00C04F79EFBC}") = "Unity.RenderPipelines.Universal.Shaders", "Unity.RenderPipelines.Universal.Shaders.csproj", "{21BD2E92-76C1-FA25-0EE8-43930A281135}"
EndProject
Project("{FAE04EC0-301F-11D3-BF4B-00C04F79EFBC}") = "Unity.RenderPipelines.ShaderGraph.ShaderGraphLibrary", "Unity.RenderPipelines.ShaderGraph.ShaderGraphLibrary.csproj", "{C8A4E955-8847-430D-B086-A88C9F5DF171}"
EndProject
Project("{FAE04EC0-301F-11D3-BF4B-00C04F79EFBC}") = "Unity.PlasticSCM.Editor", "Unity.PlasticSCM.Editor.csproj", "{E5DB0338-AED7-1530-B426-FC8A60ACB36F}"
EndProject
Project("{FAE04EC0-301F-11D3-BF4B-00C04F79EFBC}") = "Unity.ShaderGraph.Editor", "Unity.ShaderGraph.Editor.csproj", "{CEE9D9BF-8E8B-5716-61D7-F95961F909E6}"
EndProject
Project("{FAE04EC0-301F-11D3-BF4B-00C04F79EFBC}") = "Unity.VisualStudio.Editor", "Unity.VisualStudio.Editor.csproj", "{D114DEEB-C41E-0301-2476-87611A5D06BC}"
EndProject
Project("{FAE04EC0-301F-11D3-BF4B-00C04F79EFBC}") = "Unity.Timeline.Editor", "Unity.Timeline.Editor.csproj", "{DE43B87A-60FE-0B50-E044-1F3B0142D226}"
EndProject
Project("{FAE04EC0-301F-11D3-BF4B-00C04F79EFBC}") = "Unity.TextMeshPro.Editor", "Unity.TextMeshPro.Editor.csproj", "{D64E5D26-60E2-274F-EA94-9E56D5E58FD7}"
EndProject
Project("{FAE04EC0-301F-11D3-BF4B-00C04F79EFBC}") = "Unity.2D.Animation.Editor", "Unity.2D.Animation.Editor.csproj", "{7497228F-7697-6B71-F674-A6050CE87024}"
EndProject
Project("{FAE04EC0-301F-11D3-BF4B-00C04F79EFBC}") = "Unity.CollabProxy.Editor", "Unity.CollabProxy.Editor.csproj", "{BFC6922F-E832-BCD9-BEA8-E9927A38BE30}"
EndProject
Project("{FAE04EC0-301F-11D3-BF4B-00C04F79EFBC}") = "UnityEditor.TestRunner", "UnityEditor.TestRunner.csproj", "{23C8282E-AD3E-0DF3-CFEC-D64FB36DC2F7}"
EndProject
Project("{FAE04EC0-301F-11D3-BF4B-00C04F79EFBC}") = "Unity.Rider.Editor", "Unity.Rider.Editor.csproj", "{11217483-96C2-432F-64F1-4A84B118796D}"
EndProject
Project("{FAE04EC0-301F-11D3-BF4B-00C04F79EFBC}") = "Unity.2D.Path.Editor", "Unity.2D.Path.Editor.csproj", "{DC8FC2EE-1C68-F9A3-A894-ECC01D9105D4}"
EndProject
Project("{FAE04EC0-301F-11D3-BF4B-00C04F79EFBC}") = "Unity.RenderPipelines.Universal.Editor", "Unity.RenderPipelines.Universal.Editor.csproj", "{9E94E71B-114F-D072-2D6E-720862700B77}"
EndProject
Project("{FAE04EC0-301F-11D3-BF4B-00C04F79EFBC}") = "Unity.Services.Core.Editor", "Unity.Services.Core.Editor.csproj", "{2E8E76AD-40AC-40B5-FBB7-23178AD07CC4}"
EndProject
Project("{FAE04EC0-301F-11D3-BF4B-00C04F79EFBC}") = "PsdPlugin", "PsdPlugin.csproj", "{BE5594DB-36BC-5050-54AA-12E127BA5A9B}"
EndProject
Project("{FAE04EC0-301F-11D3-BF4B-00C04F79EFBC}") = "Unity.RenderPipelines.Core.Editor", "Unity.RenderPipelines.Core.Editor.csproj", "{0CB1B417-127A-5B51-CCC5-5FD4AC9181A7}"
EndProject
Project("{FAE04EC0-301F-11D3-BF4B-00C04F79EFBC}") = "Unity.2D.IK.Editor", "Unity.2D.IK.Editor.csproj", "{A36C87A0-6201-AD73-8466-31CBD61E2002}"
EndProject
Project("{FAE04EC0-301F-11D3-BF4B-00C04F79EFBC}") = "Unity.Searcher.Editor", "Unity.Searcher.Editor.csproj", "{86B1F9C5-00B7-2114-78D1-5ED4E9772A7C}"
EndProject
Project("{FAE04EC0-301F-11D3-BF4B-00C04F79EFBC}") = "Unity.2D.Psdimporter.Editor", "Unity.2D.Psdimporter.Editor.csproj", "{B8D0DD12-EFF6-F171-E19D-1A5ED5C643D0}"
EndProject
Project("{FAE04EC0-301F-11D3-BF4B-00C04F79EFBC}") = "Unity.2D.SpriteShape.Editor", "Unity.2D.SpriteShape.Editor.csproj", "{8DAF1335-94FF-1819-01BD-3E3B539F9F0F}"
EndProject
Project("{FAE04EC0-301F-11D3-BF4B-00C04F79EFBC}") = "Unity.2D.Tilemap.Editor", "Unity.2D.Tilemap.Editor.csproj", "{647B72F2-7B81-41A4-865E-78B56EA38F68}"
EndProject
Project("{FAE04EC0-301F-11D3-BF4B-00C04F79EFBC}") = "Unity.2D.PixelPerfect.Editor", "Unity.2D.PixelPerfect.Editor.csproj", "{436C45EB-DE50-D1EF-41A6-4AAB543BDC81}"
EndProject
Project("{FAE04EC0-301F-11D3-BF4B-00C04F79EFBC}") = "Unity.VSCode.Editor", "Unity.VSCode.Editor.csproj", "{03BD2037-7DFC-933A-FA63-0CC06BE37992}"
EndProject
Project("{FAE04EC0-301F-11D3-BF4B-00C04F79EFBC}") = "Unity.2D.Sprite.Editor", "Unity.2D.Sprite.Editor.csproj", "{14D97D3D-58CA-6527-33C0-95CD789FF8CF}"
EndProject
Project("{FAE04EC0-301F-11D3-BF4B-00C04F79EFBC}") = "UnityEditor.UI", "UnityEditor.UI.csproj", "{090B2A1C-9931-9DA9-8A6C-3F59822C6A9F}"
EndProject
Project("{FAE04EC0-301F-11D3-BF4B-00C04F79EFBC}") = "Unity.Mathematics.Editor", "Unity.Mathematics.Editor.csproj", "{2540A1E9-0AA1-746C-C4B5-5CD7B39A4F9E}"
EndProject
Project("{FAE04EC0-301F-11D3-BF4B-00C04F79EFBC}") = "Unity.2D.Common.Editor", "Unity.2D.Common.Editor.csproj", "{CD4B5034-221C-4EA7-52F7-921105FECD2D}"
EndProject
Project("{FAE04EC0-301F-11D3-BF4B-00C04F79EFBC}") = "Unity.InternalAPIEditorBridge.001", "Unity.InternalAPIEditorBridge.001.csproj", "{834AA13B-1D95-0D87-5E7E-1E5AB4248F23}"
EndProject
Project("{FAE04EC0-301F-11D3-BF4B-00C04F79EFBC}") = "Unity.ShaderGraph.Utilities", "Unity.ShaderGraph.Utilities.csproj", "{20C65739-B3A0-F1AF-4071-117AA001AAD9}"
EndProject
Project("{FAE04EC0-301F-11D3-BF4B-00C04F79EFBC}") = "UnityEngine.UI", "UnityEngine.UI.Player.csproj", "{27353E63-4DB2-8EFA-BBBD-2E1574625EC2}"
EndProject
Project("{FAE04EC0-301F-11D3-BF4B-00C04F79EFBC}") = "Unity.RenderPipelines.Core.Runtime", "Unity.RenderPipelines.Core.Runtime.Player.csproj", "{45FA059A-AB8E-3800-C79E-8C2586DA3404}"
EndProject
Project("{FAE04EC0-301F-11D3-BF4B-00C04F79EFBC}") = "UnityEngine.TestRunner", "UnityEngine.TestRunner.Player.csproj", "{AC40ECFD-2574-8EE8-0BC3-0FB66816A62B}"
EndProject
Project("{FAE04EC0-301F-11D3-BF4B-00C04F79EFBC}") = "Unity.Mathematics", "Unity.Mathematics.Player.csproj", "{3B8A64F5-ED88-1CAF-2764-E0789E2EC55B}"
EndProject
Project("{FAE04EC0-301F-11D3-BF4B-00C04F79EFBC}") = "Unity.RenderPipelines.Universal.Runtime", "Unity.RenderPipelines.Universal.Runtime.Player.csproj", "{FC5966DE-4513-DC81-7DE7-5F7B1F347102}"
EndProject
Project("{FAE04EC0-301F-11D3-BF4B-00C04F79EFBC}") = "Unity.2D.Animation.Runtime", "Unity.2D.Animation.Runtime.Player.csproj", "{F08BE58C-E0CD-9756-4486-C95A669221C1}"
EndProject
Project("{FAE04EC0-301F-11D3-BF4B-00C04F79EFBC}") = "Unity.TextMeshPro", "Unity.TextMeshPro.Player.csproj", "{65F6C4BE-6D43-B314-D3CF-12BC5E0A445F}"
EndProject
Project("{FAE04EC0-301F-11D3-BF4B-00C04F79EFBC}") = "Unity.Timeline", "Unity.Timeline.Player.csproj", "{ABEB3DB2-322B-24CC-80C5-4930A3B3919B}"
EndProject
Project("{FAE04EC0-301F-11D3-BF4B-00C04F79EFBC}") = "Assembly-CSharp", "Assembly-CSharp.Player.csproj", "{5D3C2DCB-D5A0-CBFF-0404-4E4B1815FEED}"
EndProject
Project("{FAE04EC0-301F-11D3-BF4B-00C04F79EFBC}") = "Unity.2D.SpriteShape.Runtime", "Unity.2D.SpriteShape.Runtime.Player.csproj", "{73DDFD04-0D9E-FD1B-AA41-BC0E5E38F2CE}"
EndProject
Project("{FAE04EC0-301F-11D3-BF4B-00C04F79EFBC}") = "Unity.2D.Animation.Triangle.Runtime", "Unity.2D.Animation.Triangle.Runtime.Player.csproj", "{46E2E920-2F12-5AEB-4A76-4ADC5A483BC2}"
EndProject
Project("{FAE04EC0-301F-11D3-BF4B-00C04F79EFBC}") = "Unity.2D.PixelPerfect", "Unity.2D.PixelPerfect.Player.csproj", "{5F15422E-AD51-D5FC-4E41-C8C609246C2C}"
EndProject
Project("{FAE04EC0-301F-11D3-BF4B-00C04F79EFBC}") = "Unity.2D.IK.Runtime", "Unity.2D.IK.Runtime.Player.csproj", "{4BA2E264-D135-B84E-029A-85B2A3DE5B64}"
EndProject
Project("{FAE04EC0-301F-11D3-BF4B-00C04F79EFBC}") = "Unity.2D.Common.Runtime", "Unity.2D.Common.Runtime.Player.csproj", "{15A25A20-EFA8-E624-DE1B-D52CFC6B271E}"
EndProject
Project("{FAE04EC0-301F-11D3-BF4B-00C04F79EFBC}") = "Unity.RenderPipelines.Core.ShaderLibrary", "Unity.RenderPipelines.Core.ShaderLibrary.Player.csproj", "{01539195-63FB-E135-4242-04BFB45E43A7}"
EndProject
Project("{FAE04EC0-301F-11D3-BF4B-00C04F79EFBC}") = "Unity.InternalAPIEngineBridge.001", "Unity.InternalAPIEngineBridge.001.Player.csproj", "{5800A7CD-987E-D982-F204-4BC6C76D82C7}"
EndProject
Project("{FAE04EC0-301F-11D3-BF4B-00C04F79EFBC}") = "Unity.RenderPipeline.Universal.ShaderLibrary", "Unity.RenderPipeline.Universal.ShaderLibrary.Player.csproj", "{960C875B-DC2E-938D-DB9B-8D96276509AA}"
EndProject
Project("{FAE04EC0-301F-11D3-BF4B-00C04F79EFBC}") = "Unity.RenderPipelines.Universal.Shaders", "Unity.RenderPipelines.Universal.Shaders.Player.csproj", "{07047749-818D-13AB-4875-EBF8E4623BAF}"
EndProject
Project("{FAE04EC0-301F-11D3-BF4B-00C04F79EFBC}") = "Unity.RenderPipelines.ShaderGraph.ShaderGraphLibrary", "Unity.RenderPipelines.ShaderGraph.ShaderGraphLibrary.Player.csproj", "{B7D73035-0BB1-D104-C50B-13DDB4D5E1AA}"
EndProject
Global
	GlobalSection(SolutionConfigurationPlatforms) = preSolution
		Debug|Any CPU = Debug|Any CPU
		Release|Any CPU = Release|Any CPU
	EndGlobalSection
	GlobalSection(ProjectConfigurationPlatforms) = postSolution
		{AA756CA1-D995-C920-1D64-68211C02E42B}.Debug|Any CPU.ActiveCfg = Debug|Any CPU
		{AA756CA1-D995-C920-1D64-68211C02E42B}.Debug|Any CPU.Build.0 = Debug|Any CPU
		{AA756CA1-D995-C920-1D64-68211C02E42B}.Release|Any CPU.ActiveCfg = Release|Any CPU
		{AA756CA1-D995-C920-1D64-68211C02E42B}.Release|Any CPU.Build.0 = Release|Any CPU
		{8D788EB3-113C-E061-AD7E-BE96BD551FC0}.Debug|Any CPU.ActiveCfg = Debug|Any CPU
		{8D788EB3-113C-E061-AD7E-BE96BD551FC0}.Debug|Any CPU.Build.0 = Debug|Any CPU
		{8D788EB3-113C-E061-AD7E-BE96BD551FC0}.Release|Any CPU.ActiveCfg = Release|Any CPU
		{8D788EB3-113C-E061-AD7E-BE96BD551FC0}.Release|Any CPU.Build.0 = Release|Any CPU
		{7802D949-A96C-83EF-E45D-B6A76B8DBAE5}.Debug|Any CPU.ActiveCfg = Debug|Any CPU
		{7802D949-A96C-83EF-E45D-B6A76B8DBAE5}.Debug|Any CPU.Build.0 = Debug|Any CPU
		{7802D949-A96C-83EF-E45D-B6A76B8DBAE5}.Release|Any CPU.ActiveCfg = Release|Any CPU
		{7802D949-A96C-83EF-E45D-B6A76B8DBAE5}.Release|Any CPU.Build.0 = Release|Any CPU
		{1E05ECB3-6ADF-492C-CFEA-1035D245655F}.Debug|Any CPU.ActiveCfg = Debug|Any CPU
		{1E05ECB3-6ADF-492C-CFEA-1035D245655F}.Debug|Any CPU.Build.0 = Debug|Any CPU
		{1E05ECB3-6ADF-492C-CFEA-1035D245655F}.Release|Any CPU.ActiveCfg = Release|Any CPU
		{1E05ECB3-6ADF-492C-CFEA-1035D245655F}.Release|Any CPU.Build.0 = Release|Any CPU
		{F23B78E5-7CF0-405F-F582-54AE191E89F9}.Debug|Any CPU.ActiveCfg = Debug|Any CPU
		{F23B78E5-7CF0-405F-F582-54AE191E89F9}.Debug|Any CPU.Build.0 = Debug|Any CPU
		{F23B78E5-7CF0-405F-F582-54AE191E89F9}.Release|Any CPU.ActiveCfg = Release|Any CPU
		{F23B78E5-7CF0-405F-F582-54AE191E89F9}.Release|Any CPU.Build.0 = Release|Any CPU
		{F2714923-8C58-AC2B-622D-D269B8BFE67D}.Debug|Any CPU.ActiveCfg = Debug|Any CPU
		{F2714923-8C58-AC2B-622D-D269B8BFE67D}.Debug|Any CPU.Build.0 = Debug|Any CPU
		{F2714923-8C58-AC2B-622D-D269B8BFE67D}.Release|Any CPU.ActiveCfg = Release|Any CPU
		{F2714923-8C58-AC2B-622D-D269B8BFE67D}.Release|Any CPU.Build.0 = Release|Any CPU
		{31A8045D-CD35-7BB7-44BB-271389D8F5FF}.Debug|Any CPU.ActiveCfg = Debug|Any CPU
		{31A8045D-CD35-7BB7-44BB-271389D8F5FF}.Debug|Any CPU.Build.0 = Debug|Any CPU
		{31A8045D-CD35-7BB7-44BB-271389D8F5FF}.Release|Any CPU.ActiveCfg = Release|Any CPU
		{31A8045D-CD35-7BB7-44BB-271389D8F5FF}.Release|Any CPU.Build.0 = Release|Any CPU
		{3C2B8ECB-A5E9-77AB-C165-5E85CB32BDB6}.Debug|Any CPU.ActiveCfg = Debug|Any CPU
		{3C2B8ECB-A5E9-77AB-C165-5E85CB32BDB6}.Debug|Any CPU.Build.0 = Debug|Any CPU
		{3C2B8ECB-A5E9-77AB-C165-5E85CB32BDB6}.Release|Any CPU.ActiveCfg = Release|Any CPU
		{3C2B8ECB-A5E9-77AB-C165-5E85CB32BDB6}.Release|Any CPU.Build.0 = Release|Any CPU
		{869E62A9-DEBF-6C0B-415B-9F1DABE2EB35}.Debug|Any CPU.ActiveCfg = Debug|Any CPU
		{869E62A9-DEBF-6C0B-415B-9F1DABE2EB35}.Debug|Any CPU.Build.0 = Debug|Any CPU
		{869E62A9-DEBF-6C0B-415B-9F1DABE2EB35}.Release|Any CPU.ActiveCfg = Release|Any CPU
		{869E62A9-DEBF-6C0B-415B-9F1DABE2EB35}.Release|Any CPU.Build.0 = Release|Any CPU
		{C8D27F06-0BC3-CACC-0225-6B7D06705193}.Debug|Any CPU.ActiveCfg = Debug|Any CPU
		{C8D27F06-0BC3-CACC-0225-6B7D06705193}.Debug|Any CPU.Build.0 = Debug|Any CPU
		{C8D27F06-0BC3-CACC-0225-6B7D06705193}.Release|Any CPU.ActiveCfg = Release|Any CPU
		{C8D27F06-0BC3-CACC-0225-6B7D06705193}.Release|Any CPU.Build.0 = Release|Any CPU
		{F6FFC130-2586-3D64-492A-62FA9565A0A2}.Debug|Any CPU.ActiveCfg = Debug|Any CPU
		{F6FFC130-2586-3D64-492A-62FA9565A0A2}.Debug|Any CPU.Build.0 = Debug|Any CPU
		{F6FFC130-2586-3D64-492A-62FA9565A0A2}.Release|Any CPU.ActiveCfg = Release|Any CPU
		{F6FFC130-2586-3D64-492A-62FA9565A0A2}.Release|Any CPU.Build.0 = Release|Any CPU
		{7482D032-1406-14B2-7841-22AD4A579BB1}.Debug|Any CPU.ActiveCfg = Debug|Any CPU
		{7482D032-1406-14B2-7841-22AD4A579BB1}.Debug|Any CPU.Build.0 = Debug|Any CPU
		{7482D032-1406-14B2-7841-22AD4A579BB1}.Release|Any CPU.ActiveCfg = Release|Any CPU
		{7482D032-1406-14B2-7841-22AD4A579BB1}.Release|Any CPU.Build.0 = Release|Any CPU
		{CAA1AC08-AD4C-6A4D-459D-A8B13F6A38E9}.Debug|Any CPU.ActiveCfg = Debug|Any CPU
		{CAA1AC08-AD4C-6A4D-459D-A8B13F6A38E9}.Debug|Any CPU.Build.0 = Debug|Any CPU
		{CAA1AC08-AD4C-6A4D-459D-A8B13F6A38E9}.Release|Any CPU.ActiveCfg = Release|Any CPU
		{CAA1AC08-AD4C-6A4D-459D-A8B13F6A38E9}.Release|Any CPU.Build.0 = Release|Any CPU
		{BF9634F6-EA4D-7FFD-8815-C6C697B99D71}.Debug|Any CPU.ActiveCfg = Debug|Any CPU
		{BF9634F6-EA4D-7FFD-8815-C6C697B99D71}.Debug|Any CPU.Build.0 = Debug|Any CPU
		{BF9634F6-EA4D-7FFD-8815-C6C697B99D71}.Release|Any CPU.ActiveCfg = Release|Any CPU
		{BF9634F6-EA4D-7FFD-8815-C6C697B99D71}.Release|Any CPU.Build.0 = Release|Any CPU
		{65025BCD-6D80-835F-368F-D4BBE53DC75A}.Debug|Any CPU.ActiveCfg = Debug|Any CPU
		{65025BCD-6D80-835F-368F-D4BBE53DC75A}.Debug|Any CPU.Build.0 = Debug|Any CPU
		{65025BCD-6D80-835F-368F-D4BBE53DC75A}.Release|Any CPU.ActiveCfg = Release|Any CPU
		{65025BCD-6D80-835F-368F-D4BBE53DC75A}.Release|Any CPU.Build.0 = Release|Any CPU
		{03039BA1-83FF-C959-0AB0-7C352C4E6F3A}.Debug|Any CPU.ActiveCfg = Debug|Any CPU
		{03039BA1-83FF-C959-0AB0-7C352C4E6F3A}.Debug|Any CPU.Build.0 = Debug|Any CPU
		{03039BA1-83FF-C959-0AB0-7C352C4E6F3A}.Release|Any CPU.ActiveCfg = Release|Any CPU
		{03039BA1-83FF-C959-0AB0-7C352C4E6F3A}.Release|Any CPU.Build.0 = Release|Any CPU
		{A59E7E25-C1CA-341C-B7F3-77A3461191B7}.Debug|Any CPU.ActiveCfg = Debug|Any CPU
		{A59E7E25-C1CA-341C-B7F3-77A3461191B7}.Debug|Any CPU.Build.0 = Debug|Any CPU
		{A59E7E25-C1CA-341C-B7F3-77A3461191B7}.Release|Any CPU.ActiveCfg = Release|Any CPU
		{A59E7E25-C1CA-341C-B7F3-77A3461191B7}.Release|Any CPU.Build.0 = Release|Any CPU
		{21BD2E92-76C1-FA25-0EE8-43930A281135}.Debug|Any CPU.ActiveCfg = Debug|Any CPU
		{21BD2E92-76C1-FA25-0EE8-43930A281135}.Debug|Any CPU.Build.0 = Debug|Any CPU
		{21BD2E92-76C1-FA25-0EE8-43930A281135}.Release|Any CPU.ActiveCfg = Release|Any CPU
		{21BD2E92-76C1-FA25-0EE8-43930A281135}.Release|Any CPU.Build.0 = Release|Any CPU
		{C8A4E955-8847-430D-B086-A88C9F5DF171}.Debug|Any CPU.ActiveCfg = Debug|Any CPU
		{C8A4E955-8847-430D-B086-A88C9F5DF171}.Debug|Any CPU.Build.0 = Debug|Any CPU
		{C8A4E955-8847-430D-B086-A88C9F5DF171}.Release|Any CPU.ActiveCfg = Release|Any CPU
		{C8A4E955-8847-430D-B086-A88C9F5DF171}.Release|Any CPU.Build.0 = Release|Any CPU
		{E5DB0338-AED7-1530-B426-FC8A60ACB36F}.Debug|Any CPU.ActiveCfg = Debug|Any CPU
		{E5DB0338-AED7-1530-B426-FC8A60ACB36F}.Debug|Any CPU.Build.0 = Debug|Any CPU
		{E5DB0338-AED7-1530-B426-FC8A60ACB36F}.Release|Any CPU.ActiveCfg = Release|Any CPU
		{E5DB0338-AED7-1530-B426-FC8A60ACB36F}.Release|Any CPU.Build.0 = Release|Any CPU
		{CEE9D9BF-8E8B-5716-61D7-F95961F909E6}.Debug|Any CPU.ActiveCfg = Debug|Any CPU
		{CEE9D9BF-8E8B-5716-61D7-F95961F909E6}.Debug|Any CPU.Build.0 = Debug|Any CPU
		{CEE9D9BF-8E8B-5716-61D7-F95961F909E6}.Release|Any CPU.ActiveCfg = Release|Any CPU
		{CEE9D9BF-8E8B-5716-61D7-F95961F909E6}.Release|Any CPU.Build.0 = Release|Any CPU
		{D114DEEB-C41E-0301-2476-87611A5D06BC}.Debug|Any CPU.ActiveCfg = Debug|Any CPU
		{D114DEEB-C41E-0301-2476-87611A5D06BC}.Debug|Any CPU.Build.0 = Debug|Any CPU
		{D114DEEB-C41E-0301-2476-87611A5D06BC}.Release|Any CPU.ActiveCfg = Release|Any CPU
		{D114DEEB-C41E-0301-2476-87611A5D06BC}.Release|Any CPU.Build.0 = Release|Any CPU
		{DE43B87A-60FE-0B50-E044-1F3B0142D226}.Debug|Any CPU.ActiveCfg = Debug|Any CPU
		{DE43B87A-60FE-0B50-E044-1F3B0142D226}.Debug|Any CPU.Build.0 = Debug|Any CPU
		{DE43B87A-60FE-0B50-E044-1F3B0142D226}.Release|Any CPU.ActiveCfg = Release|Any CPU
		{DE43B87A-60FE-0B50-E044-1F3B0142D226}.Release|Any CPU.Build.0 = Release|Any CPU
		{D64E5D26-60E2-274F-EA94-9E56D5E58FD7}.Debug|Any CPU.ActiveCfg = Debug|Any CPU
		{D64E5D26-60E2-274F-EA94-9E56D5E58FD7}.Debug|Any CPU.Build.0 = Debug|Any CPU
		{D64E5D26-60E2-274F-EA94-9E56D5E58FD7}.Release|Any CPU.ActiveCfg = Release|Any CPU
		{D64E5D26-60E2-274F-EA94-9E56D5E58FD7}.Release|Any CPU.Build.0 = Release|Any CPU
		{7497228F-7697-6B71-F674-A6050CE87024}.Debug|Any CPU.ActiveCfg = Debug|Any CPU
		{7497228F-7697-6B71-F674-A6050CE87024}.Debug|Any CPU.Build.0 = Debug|Any CPU
		{7497228F-7697-6B71-F674-A6050CE87024}.Release|Any CPU.ActiveCfg = Release|Any CPU
		{7497228F-7697-6B71-F674-A6050CE87024}.Release|Any CPU.Build.0 = Release|Any CPU
		{BFC6922F-E832-BCD9-BEA8-E9927A38BE30}.Debug|Any CPU.ActiveCfg = Debug|Any CPU
		{BFC6922F-E832-BCD9-BEA8-E9927A38BE30}.Debug|Any CPU.Build.0 = Debug|Any CPU
		{BFC6922F-E832-BCD9-BEA8-E9927A38BE30}.Release|Any CPU.ActiveCfg = Release|Any CPU
		{BFC6922F-E832-BCD9-BEA8-E9927A38BE30}.Release|Any CPU.Build.0 = Release|Any CPU
		{23C8282E-AD3E-0DF3-CFEC-D64FB36DC2F7}.Debug|Any CPU.ActiveCfg = Debug|Any CPU
		{23C8282E-AD3E-0DF3-CFEC-D64FB36DC2F7}.Debug|Any CPU.Build.0 = Debug|Any CPU
		{23C8282E-AD3E-0DF3-CFEC-D64FB36DC2F7}.Release|Any CPU.ActiveCfg = Release|Any CPU
		{23C8282E-AD3E-0DF3-CFEC-D64FB36DC2F7}.Release|Any CPU.Build.0 = Release|Any CPU
		{11217483-96C2-432F-64F1-4A84B118796D}.Debug|Any CPU.ActiveCfg = Debug|Any CPU
		{11217483-96C2-432F-64F1-4A84B118796D}.Debug|Any CPU.Build.0 = Debug|Any CPU
		{11217483-96C2-432F-64F1-4A84B118796D}.Release|Any CPU.ActiveCfg = Release|Any CPU
		{11217483-96C2-432F-64F1-4A84B118796D}.Release|Any CPU.Build.0 = Release|Any CPU
		{DC8FC2EE-1C68-F9A3-A894-ECC01D9105D4}.Debug|Any CPU.ActiveCfg = Debug|Any CPU
		{DC8FC2EE-1C68-F9A3-A894-ECC01D9105D4}.Debug|Any CPU.Build.0 = Debug|Any CPU
		{DC8FC2EE-1C68-F9A3-A894-ECC01D9105D4}.Release|Any CPU.ActiveCfg = Release|Any CPU
		{DC8FC2EE-1C68-F9A3-A894-ECC01D9105D4}.Release|Any CPU.Build.0 = Release|Any CPU
		{9E94E71B-114F-D072-2D6E-720862700B77}.Debug|Any CPU.ActiveCfg = Debug|Any CPU
		{9E94E71B-114F-D072-2D6E-720862700B77}.Debug|Any CPU.Build.0 = Debug|Any CPU
		{9E94E71B-114F-D072-2D6E-720862700B77}.Release|Any CPU.ActiveCfg = Release|Any CPU
		{9E94E71B-114F-D072-2D6E-720862700B77}.Release|Any CPU.Build.0 = Release|Any CPU
		{2E8E76AD-40AC-40B5-FBB7-23178AD07CC4}.Debug|Any CPU.ActiveCfg = Debug|Any CPU
		{2E8E76AD-40AC-40B5-FBB7-23178AD07CC4}.Debug|Any CPU.Build.0 = Debug|Any CPU
		{2E8E76AD-40AC-40B5-FBB7-23178AD07CC4}.Release|Any CPU.ActiveCfg = Release|Any CPU
		{2E8E76AD-40AC-40B5-FBB7-23178AD07CC4}.Release|Any CPU.Build.0 = Release|Any CPU
		{BE5594DB-36BC-5050-54AA-12E127BA5A9B}.Debug|Any CPU.ActiveCfg = Debug|Any CPU
		{BE5594DB-36BC-5050-54AA-12E127BA5A9B}.Debug|Any CPU.Build.0 = Debug|Any CPU
		{BE5594DB-36BC-5050-54AA-12E127BA5A9B}.Release|Any CPU.ActiveCfg = Release|Any CPU
		{BE5594DB-36BC-5050-54AA-12E127BA5A9B}.Release|Any CPU.Build.0 = Release|Any CPU
		{0CB1B417-127A-5B51-CCC5-5FD4AC9181A7}.Debug|Any CPU.ActiveCfg = Debug|Any CPU
		{0CB1B417-127A-5B51-CCC5-5FD4AC9181A7}.Debug|Any CPU.Build.0 = Debug|Any CPU
		{0CB1B417-127A-5B51-CCC5-5FD4AC9181A7}.Release|Any CPU.ActiveCfg = Release|Any CPU
		{0CB1B417-127A-5B51-CCC5-5FD4AC9181A7}.Release|Any CPU.Build.0 = Release|Any CPU
		{A36C87A0-6201-AD73-8466-31CBD61E2002}.Debug|Any CPU.ActiveCfg = Debug|Any CPU
		{A36C87A0-6201-AD73-8466-31CBD61E2002}.Debug|Any CPU.Build.0 = Debug|Any CPU
		{A36C87A0-6201-AD73-8466-31CBD61E2002}.Release|Any CPU.ActiveCfg = Release|Any CPU
		{A36C87A0-6201-AD73-8466-31CBD61E2002}.Release|Any CPU.Build.0 = Release|Any CPU
		{86B1F9C5-00B7-2114-78D1-5ED4E9772A7C}.Debug|Any CPU.ActiveCfg = Debug|Any CPU
		{86B1F9C5-00B7-2114-78D1-5ED4E9772A7C}.Debug|Any CPU.Build.0 = Debug|Any CPU
		{86B1F9C5-00B7-2114-78D1-5ED4E9772A7C}.Release|Any CPU.ActiveCfg = Release|Any CPU
		{86B1F9C5-00B7-2114-78D1-5ED4E9772A7C}.Release|Any CPU.Build.0 = Release|Any CPU
		{B8D0DD12-EFF6-F171-E19D-1A5ED5C643D0}.Debug|Any CPU.ActiveCfg = Debug|Any CPU
		{B8D0DD12-EFF6-F171-E19D-1A5ED5C643D0}.Debug|Any CPU.Build.0 = Debug|Any CPU
		{B8D0DD12-EFF6-F171-E19D-1A5ED5C643D0}.Release|Any CPU.ActiveCfg = Release|Any CPU
		{B8D0DD12-EFF6-F171-E19D-1A5ED5C643D0}.Release|Any CPU.Build.0 = Release|Any CPU
		{8DAF1335-94FF-1819-01BD-3E3B539F9F0F}.Debug|Any CPU.ActiveCfg = Debug|Any CPU
		{8DAF1335-94FF-1819-01BD-3E3B539F9F0F}.Debug|Any CPU.Build.0 = Debug|Any CPU
		{8DAF1335-94FF-1819-01BD-3E3B539F9F0F}.Release|Any CPU.ActiveCfg = Release|Any CPU
		{8DAF1335-94FF-1819-01BD-3E3B539F9F0F}.Release|Any CPU.Build.0 = Release|Any CPU
		{647B72F2-7B81-41A4-865E-78B56EA38F68}.Debug|Any CPU.ActiveCfg = Debug|Any CPU
		{647B72F2-7B81-41A4-865E-78B56EA38F68}.Debug|Any CPU.Build.0 = Debug|Any CPU
		{647B72F2-7B81-41A4-865E-78B56EA38F68}.Release|Any CPU.ActiveCfg = Release|Any CPU
		{647B72F2-7B81-41A4-865E-78B56EA38F68}.Release|Any CPU.Build.0 = Release|Any CPU
		{436C45EB-DE50-D1EF-41A6-4AAB543BDC81}.Debug|Any CPU.ActiveCfg = Debug|Any CPU
		{436C45EB-DE50-D1EF-41A6-4AAB543BDC81}.Debug|Any CPU.Build.0 = Debug|Any CPU
		{436C45EB-DE50-D1EF-41A6-4AAB543BDC81}.Release|Any CPU.ActiveCfg = Release|Any CPU
		{436C45EB-DE50-D1EF-41A6-4AAB543BDC81}.Release|Any CPU.Build.0 = Release|Any CPU
		{03BD2037-7DFC-933A-FA63-0CC06BE37992}.Debug|Any CPU.ActiveCfg = Debug|Any CPU
		{03BD2037-7DFC-933A-FA63-0CC06BE37992}.Debug|Any CPU.Build.0 = Debug|Any CPU
		{03BD2037-7DFC-933A-FA63-0CC06BE37992}.Release|Any CPU.ActiveCfg = Release|Any CPU
		{03BD2037-7DFC-933A-FA63-0CC06BE37992}.Release|Any CPU.Build.0 = Release|Any CPU
		{14D97D3D-58CA-6527-33C0-95CD789FF8CF}.Debug|Any CPU.ActiveCfg = Debug|Any CPU
		{14D97D3D-58CA-6527-33C0-95CD789FF8CF}.Debug|Any CPU.Build.0 = Debug|Any CPU
		{14D97D3D-58CA-6527-33C0-95CD789FF8CF}.Release|Any CPU.ActiveCfg = Release|Any CPU
		{14D97D3D-58CA-6527-33C0-95CD789FF8CF}.Release|Any CPU.Build.0 = Release|Any CPU
		{090B2A1C-9931-9DA9-8A6C-3F59822C6A9F}.Debug|Any CPU.ActiveCfg = Debug|Any CPU
		{090B2A1C-9931-9DA9-8A6C-3F59822C6A9F}.Debug|Any CPU.Build.0 = Debug|Any CPU
		{090B2A1C-9931-9DA9-8A6C-3F59822C6A9F}.Release|Any CPU.ActiveCfg = Release|Any CPU
		{090B2A1C-9931-9DA9-8A6C-3F59822C6A9F}.Release|Any CPU.Build.0 = Release|Any CPU
		{2540A1E9-0AA1-746C-C4B5-5CD7B39A4F9E}.Debug|Any CPU.ActiveCfg = Debug|Any CPU
		{2540A1E9-0AA1-746C-C4B5-5CD7B39A4F9E}.Debug|Any CPU.Build.0 = Debug|Any CPU
		{2540A1E9-0AA1-746C-C4B5-5CD7B39A4F9E}.Release|Any CPU.ActiveCfg = Release|Any CPU
		{2540A1E9-0AA1-746C-C4B5-5CD7B39A4F9E}.Release|Any CPU.Build.0 = Release|Any CPU
		{CD4B5034-221C-4EA7-52F7-921105FECD2D}.Debug|Any CPU.ActiveCfg = Debug|Any CPU
		{CD4B5034-221C-4EA7-52F7-921105FECD2D}.Debug|Any CPU.Build.0 = Debug|Any CPU
		{CD4B5034-221C-4EA7-52F7-921105FECD2D}.Release|Any CPU.ActiveCfg = Release|Any CPU
		{CD4B5034-221C-4EA7-52F7-921105FECD2D}.Release|Any CPU.Build.0 = Release|Any CPU
		{834AA13B-1D95-0D87-5E7E-1E5AB4248F23}.Debug|Any CPU.ActiveCfg = Debug|Any CPU
		{834AA13B-1D95-0D87-5E7E-1E5AB4248F23}.Debug|Any CPU.Build.0 = Debug|Any CPU
		{834AA13B-1D95-0D87-5E7E-1E5AB4248F23}.Release|Any CPU.ActiveCfg = Release|Any CPU
		{834AA13B-1D95-0D87-5E7E-1E5AB4248F23}.Release|Any CPU.Build.0 = Release|Any CPU
		{20C65739-B3A0-F1AF-4071-117AA001AAD9}.Debug|Any CPU.ActiveCfg = Debug|Any CPU
		{20C65739-B3A0-F1AF-4071-117AA001AAD9}.Debug|Any CPU.Build.0 = Debug|Any CPU
		{20C65739-B3A0-F1AF-4071-117AA001AAD9}.Release|Any CPU.ActiveCfg = Release|Any CPU
		{20C65739-B3A0-F1AF-4071-117AA001AAD9}.Release|Any CPU.Build.0 = Release|Any CPU
		{27353E63-4DB2-8EFA-BBBD-2E1574625EC2}.Debug|Any CPU.ActiveCfg = Debug|Any CPU
		{27353E63-4DB2-8EFA-BBBD-2E1574625EC2}.Debug|Any CPU.Build.0 = Debug|Any CPU
		{27353E63-4DB2-8EFA-BBBD-2E1574625EC2}.Release|Any CPU.ActiveCfg = Release|Any CPU
		{27353E63-4DB2-8EFA-BBBD-2E1574625EC2}.Release|Any CPU.Build.0 = Release|Any CPU
		{45FA059A-AB8E-3800-C79E-8C2586DA3404}.Debug|Any CPU.ActiveCfg = Debug|Any CPU
		{45FA059A-AB8E-3800-C79E-8C2586DA3404}.Debug|Any CPU.Build.0 = Debug|Any CPU
		{45FA059A-AB8E-3800-C79E-8C2586DA3404}.Release|Any CPU.ActiveCfg = Release|Any CPU
		{45FA059A-AB8E-3800-C79E-8C2586DA3404}.Release|Any CPU.Build.0 = Release|Any CPU
		{AC40ECFD-2574-8EE8-0BC3-0FB66816A62B}.Debug|Any CPU.ActiveCfg = Debug|Any CPU
		{AC40ECFD-2574-8EE8-0BC3-0FB66816A62B}.Debug|Any CPU.Build.0 = Debug|Any CPU
		{AC40ECFD-2574-8EE8-0BC3-0FB66816A62B}.Release|Any CPU.ActiveCfg = Release|Any CPU
		{AC40ECFD-2574-8EE8-0BC3-0FB66816A62B}.Release|Any CPU.Build.0 = Release|Any CPU
		{3B8A64F5-ED88-1CAF-2764-E0789E2EC55B}.Debug|Any CPU.ActiveCfg = Debug|Any CPU
		{3B8A64F5-ED88-1CAF-2764-E0789E2EC55B}.Debug|Any CPU.Build.0 = Debug|Any CPU
		{3B8A64F5-ED88-1CAF-2764-E0789E2EC55B}.Release|Any CPU.ActiveCfg = Release|Any CPU
		{3B8A64F5-ED88-1CAF-2764-E0789E2EC55B}.Release|Any CPU.Build.0 = Release|Any CPU
		{FC5966DE-4513-DC81-7DE7-5F7B1F347102}.Debug|Any CPU.ActiveCfg = Debug|Any CPU
		{FC5966DE-4513-DC81-7DE7-5F7B1F347102}.Debug|Any CPU.Build.0 = Debug|Any CPU
		{FC5966DE-4513-DC81-7DE7-5F7B1F347102}.Release|Any CPU.ActiveCfg = Release|Any CPU
		{FC5966DE-4513-DC81-7DE7-5F7B1F347102}.Release|Any CPU.Build.0 = Release|Any CPU
		{F08BE58C-E0CD-9756-4486-C95A669221C1}.Debug|Any CPU.ActiveCfg = Debug|Any CPU
		{F08BE58C-E0CD-9756-4486-C95A669221C1}.Debug|Any CPU.Build.0 = Debug|Any CPU
		{F08BE58C-E0CD-9756-4486-C95A669221C1}.Release|Any CPU.ActiveCfg = Release|Any CPU
		{F08BE58C-E0CD-9756-4486-C95A669221C1}.Release|Any CPU.Build.0 = Release|Any CPU
		{65F6C4BE-6D43-B314-D3CF-12BC5E0A445F}.Debug|Any CPU.ActiveCfg = Debug|Any CPU
		{65F6C4BE-6D43-B314-D3CF-12BC5E0A445F}.Debug|Any CPU.Build.0 = Debug|Any CPU
		{65F6C4BE-6D43-B314-D3CF-12BC5E0A445F}.Release|Any CPU.ActiveCfg = Release|Any CPU
		{65F6C4BE-6D43-B314-D3CF-12BC5E0A445F}.Release|Any CPU.Build.0 = Release|Any CPU
		{ABEB3DB2-322B-24CC-80C5-4930A3B3919B}.Debug|Any CPU.ActiveCfg = Debug|Any CPU
		{ABEB3DB2-322B-24CC-80C5-4930A3B3919B}.Debug|Any CPU.Build.0 = Debug|Any CPU
		{ABEB3DB2-322B-24CC-80C5-4930A3B3919B}.Release|Any CPU.ActiveCfg = Release|Any CPU
		{ABEB3DB2-322B-24CC-80C5-4930A3B3919B}.Release|Any CPU.Build.0 = Release|Any CPU
		{5D3C2DCB-D5A0-CBFF-0404-4E4B1815FEED}.Debug|Any CPU.ActiveCfg = Debug|Any CPU
		{5D3C2DCB-D5A0-CBFF-0404-4E4B1815FEED}.Debug|Any CPU.Build.0 = Debug|Any CPU
		{5D3C2DCB-D5A0-CBFF-0404-4E4B1815FEED}.Release|Any CPU.ActiveCfg = Release|Any CPU
		{5D3C2DCB-D5A0-CBFF-0404-4E4B1815FEED}.Release|Any CPU.Build.0 = Release|Any CPU
		{73DDFD04-0D9E-FD1B-AA41-BC0E5E38F2CE}.Debug|Any CPU.ActiveCfg = Debug|Any CPU
		{73DDFD04-0D9E-FD1B-AA41-BC0E5E38F2CE}.Debug|Any CPU.Build.0 = Debug|Any CPU
		{73DDFD04-0D9E-FD1B-AA41-BC0E5E38F2CE}.Release|Any CPU.ActiveCfg = Release|Any CPU
		{73DDFD04-0D9E-FD1B-AA41-BC0E5E38F2CE}.Release|Any CPU.Build.0 = Release|Any CPU
		{46E2E920-2F12-5AEB-4A76-4ADC5A483BC2}.Debug|Any CPU.ActiveCfg = Debug|Any CPU
		{46E2E920-2F12-5AEB-4A76-4ADC5A483BC2}.Debug|Any CPU.Build.0 = Debug|Any CPU
		{46E2E920-2F12-5AEB-4A76-4ADC5A483BC2}.Release|Any CPU.ActiveCfg = Release|Any CPU
		{46E2E920-2F12-5AEB-4A76-4ADC5A483BC2}.Release|Any CPU.Build.0 = Release|Any CPU
		{5F15422E-AD51-D5FC-4E41-C8C609246C2C}.Debug|Any CPU.ActiveCfg = Debug|Any CPU
		{5F15422E-AD51-D5FC-4E41-C8C609246C2C}.Debug|Any CPU.Build.0 = Debug|Any CPU
		{5F15422E-AD51-D5FC-4E41-C8C609246C2C}.Release|Any CPU.ActiveCfg = Release|Any CPU
		{5F15422E-AD51-D5FC-4E41-C8C609246C2C}.Release|Any CPU.Build.0 = Release|Any CPU
		{4BA2E264-D135-B84E-029A-85B2A3DE5B64}.Debug|Any CPU.ActiveCfg = Debug|Any CPU
		{4BA2E264-D135-B84E-029A-85B2A3DE5B64}.Debug|Any CPU.Build.0 = Debug|Any CPU
		{4BA2E264-D135-B84E-029A-85B2A3DE5B64}.Release|Any CPU.ActiveCfg = Release|Any CPU
		{4BA2E264-D135-B84E-029A-85B2A3DE5B64}.Release|Any CPU.Build.0 = Release|Any CPU
		{15A25A20-EFA8-E624-DE1B-D52CFC6B271E}.Debug|Any CPU.ActiveCfg = Debug|Any CPU
		{15A25A20-EFA8-E624-DE1B-D52CFC6B271E}.Debug|Any CPU.Build.0 = Debug|Any CPU
		{15A25A20-EFA8-E624-DE1B-D52CFC6B271E}.Release|Any CPU.ActiveCfg = Release|Any CPU
		{15A25A20-EFA8-E624-DE1B-D52CFC6B271E}.Release|Any CPU.Build.0 = Release|Any CPU
		{01539195-63FB-E135-4242-04BFB45E43A7}.Debug|Any CPU.ActiveCfg = Debug|Any CPU
		{01539195-63FB-E135-4242-04BFB45E43A7}.Debug|Any CPU.Build.0 = Debug|Any CPU
		{01539195-63FB-E135-4242-04BFB45E43A7}.Release|Any CPU.ActiveCfg = Release|Any CPU
		{01539195-63FB-E135-4242-04BFB45E43A7}.Release|Any CPU.Build.0 = Release|Any CPU
		{5800A7CD-987E-D982-F204-4BC6C76D82C7}.Debug|Any CPU.ActiveCfg = Debug|Any CPU
		{5800A7CD-987E-D982-F204-4BC6C76D82C7}.Debug|Any CPU.Build.0 = Debug|Any CPU
		{5800A7CD-987E-D982-F204-4BC6C76D82C7}.Release|Any CPU.ActiveCfg = Release|Any CPU
		{5800A7CD-987E-D982-F204-4BC6C76D82C7}.Release|Any CPU.Build.0 = Release|Any CPU
		{960C875B-DC2E-938D-DB9B-8D96276509AA}.Debug|Any CPU.ActiveCfg = Debug|Any CPU
		{960C875B-DC2E-938D-DB9B-8D96276509AA}.Debug|Any CPU.Build.0 = Debug|Any CPU
		{960C875B-DC2E-938D-DB9B-8D96276509AA}.Release|Any CPU.ActiveCfg = Release|Any CPU
		{960C875B-DC2E-938D-DB9B-8D96276509AA}.Release|Any CPU.Build.0 = Release|Any CPU
		{07047749-818D-13AB-4875-EBF8E4623BAF}.Debug|Any CPU.ActiveCfg = Debug|Any CPU
		{07047749-818D-13AB-4875-EBF8E4623BAF}.Debug|Any CPU.Build.0 = Debug|Any CPU
		{07047749-818D-13AB-4875-EBF8E4623BAF}.Release|Any CPU.ActiveCfg = Release|Any CPU
		{07047749-818D-13AB-4875-EBF8E4623BAF}.Release|Any CPU.Build.0 = Release|Any CPU
		{B7D73035-0BB1-D104-C50B-13DDB4D5E1AA}.Debug|Any CPU.ActiveCfg = Debug|Any CPU
		{B7D73035-0BB1-D104-C50B-13DDB4D5E1AA}.Debug|Any CPU.Build.0 = Debug|Any CPU
		{B7D73035-0BB1-D104-C50B-13DDB4D5E1AA}.Release|Any CPU.ActiveCfg = Release|Any CPU
		{B7D73035-0BB1-D104-C50B-13DDB4D5E1AA}.Release|Any CPU.Build.0 = Release|Any CPU
	EndGlobalSection
	GlobalSection(SolutionProperties) = preSolution
		HideSolutionNode = FALSE
	EndGlobalSection
EndGlobal
